// !$*UTF8*$!
{
	archiveVersion = 1;
	classes = {
	};
	objectVersion = 46;
	objects = {

/* Begin PBXBuildFile section */
		0C0732E51E8C018C00E5BE3D /* GameScene.swift in Sources */ = {isa = PBXBuildFile; fileRef = 0C0732E41E8C018C00E5BE3D /* GameScene.swift */; };
		0C082C7D1E895BE800DF97BE /* PlayerController.swift in Sources */ = {isa = PBXBuildFile; fileRef = 0C082C7C1E895BE800DF97BE /* PlayerController.swift */; };
		0CA20E3D1E86A8AC00F07F14 /* MapObject.swift in Sources */ = {isa = PBXBuildFile; fileRef = 0CA20E3C1E86A8AC00F07F14 /* MapObject.swift */; };
		0CB3FD4E1E8AE8A000FF4FB3 /* GameLogic.swift in Sources */ = {isa = PBXBuildFile; fileRef = 0CB3FD4D1E8AE8A000FF4FB3 /* GameLogic.swift */; };
		0CB3FD521E8AECE100FF4FB3 /* SinglePlayerGameLogic.swift in Sources */ = {isa = PBXBuildFile; fileRef = 0CB3FD511E8AECE100FF4FB3 /* SinglePlayerGameLogic.swift */; };
		0CB3FD541E8BBF3800FF4FB3 /* MultiPlayerGameLogic.swift in Sources */ = {isa = PBXBuildFile; fileRef = 0CB3FD531E8BBF3800FF4FB3 /* MultiPlayerGameLogic.swift */; };
		0CB3FD591E8BEE3600FF4FB3 /* ViewParams.swift in Sources */ = {isa = PBXBuildFile; fileRef = 0CB3FD581E8BEE3600FF4FB3 /* ViewParams.swift */; };
		0CC56B321E83B3D1003A39F7 /* MultiplayerGameScene.swift in Sources */ = {isa = PBXBuildFile; fileRef = 0CC56B311E83B3D1003A39F7 /* MultiplayerGameScene.swift */; };
		0CCDB5FF1E75254300DEF8CC /* AppDelegate.swift in Sources */ = {isa = PBXBuildFile; fileRef = 0CCDB5FE1E75254300DEF8CC /* AppDelegate.swift */; };
		0CCDB6051E75254300DEF8CC /* SinglePlayerGameScene.swift in Sources */ = {isa = PBXBuildFile; fileRef = 0CCDB6041E75254300DEF8CC /* SinglePlayerGameScene.swift */; };
		0CCDB6071E75254300DEF8CC /* GameViewController.swift in Sources */ = {isa = PBXBuildFile; fileRef = 0CCDB6061E75254300DEF8CC /* GameViewController.swift */; };
		0CCDB60A1E75254300DEF8CC /* Main.storyboard in Resources */ = {isa = PBXBuildFile; fileRef = 0CCDB6081E75254300DEF8CC /* Main.storyboard */; };
		0CCDB60F1E75254300DEF8CC /* LaunchScreen.storyboard in Resources */ = {isa = PBXBuildFile; fileRef = 0CCDB60D1E75254300DEF8CC /* LaunchScreen.storyboard */; };
		0CCDB6191E752B5A00DEF8CC /* background-music-aac.caf in Resources */ = {isa = PBXBuildFile; fileRef = 0CCDB6171E752B5A00DEF8CC /* background-music-aac.caf */; };
		0CCDB61A1E752B5A00DEF8CC /* pew-pew-lei.caf in Resources */ = {isa = PBXBuildFile; fileRef = 0CCDB6181E752B5A00DEF8CC /* pew-pew-lei.caf */; };
		0CCDB61C1E752D2700DEF8CC /* Constants.swift in Sources */ = {isa = PBXBuildFile; fileRef = 0CCDB61B1E752D2700DEF8CC /* Constants.swift */; };
		0CCDB6231E752F8700DEF8CC /* IsoscelesTriangle.swift in Sources */ = {isa = PBXBuildFile; fileRef = 0CCDB6221E752F8700DEF8CC /* IsoscelesTriangle.swift */; };
		0CCDB6251E754C2200DEF8CC /* CGPointExtension.swift in Sources */ = {isa = PBXBuildFile; fileRef = 0CCDB6241E754C2200DEF8CC /* CGPointExtension.swift */; };
		0CCDB6271E757C7E00DEF8CC /* PhysicsCategory.swift in Sources */ = {isa = PBXBuildFile; fileRef = 0CCDB6261E757C7E00DEF8CC /* PhysicsCategory.swift */; };
		0CCDB6291E758E0700DEF8CC /* GameOverScene.swift in Sources */ = {isa = PBXBuildFile; fileRef = 0CCDB6281E758E0700DEF8CC /* GameOverScene.swift */; };
		0E02E5CF1E8140EE00E7AB51 /* Player.swift in Sources */ = {isa = PBXBuildFile; fileRef = 0E02E5CE1E8140EE00E7AB51 /* Player.swift */; };
		0E02E5D11E81615700E7AB51 /* Joystick.swift in Sources */ = {isa = PBXBuildFile; fileRef = 0E02E5D01E81615700E7AB51 /* Joystick.swift */; };
		0E02E5D31E81616400E7AB51 /* JoystickPlate.swift in Sources */ = {isa = PBXBuildFile; fileRef = 0E02E5D21E81616400E7AB51 /* JoystickPlate.swift */; };
		0EB2CD531E82A3C400237FA9 /* Obstacle.swift in Sources */ = {isa = PBXBuildFile; fileRef = 0EB2CD521E82A3C400237FA9 /* Obstacle.swift */; };
		0EB2CD551E82B27D00237FA9 /* CGVectorExtensions.swift in Sources */ = {isa = PBXBuildFile; fileRef = 0EB2CD541E82B27D00237FA9 /* CGVectorExtensions.swift */; };
		0EB2CD571E82CD5E00237FA9 /* FireButton.swift in Sources */ = {isa = PBXBuildFile; fileRef = 0EB2CD561E82CD5E00237FA9 /* FireButton.swift */; };
		0EB2CD591E82D8BE00237FA9 /* Bullet.swift in Sources */ = {isa = PBXBuildFile; fileRef = 0EB2CD581E82D8BE00237FA9 /* Bullet.swift */; };
		6A0318581E76FFE0000FAE05 /* StarTrekFont.ttf in Resources */ = {isa = PBXBuildFile; fileRef = 6A0318561E76FF6C000FAE05 /* StarTrekFont.ttf */; };
		6A03185A1E76FFF5000FAE05 /* HomePageScene.swift in Sources */ = {isa = PBXBuildFile; fileRef = 6A0318591E76FFF5000FAE05 /* HomePageScene.swift */; };
		6A2AC2671E87744100BE3A41 /* LevelDesignerViewController.swift in Sources */ = {isa = PBXBuildFile; fileRef = 6A2AC2661E87744100BE3A41 /* LevelDesignerViewController.swift */; };
		6A2AC26A1E87745F00BE3A41 /* HomePageViewController.swift in Sources */ = {isa = PBXBuildFile; fileRef = 6A2AC2681E87745F00BE3A41 /* HomePageViewController.swift */; };
		6A5D43C61E7ACD8A003C8AFA /* GameObject.swift in Sources */ = {isa = PBXBuildFile; fileRef = 6A5D43C51E7ACD8A003C8AFA /* GameObject.swift */; };
		6A5D43C81E7ADD8C003C8AFA /* JoystickInput.swift in Sources */ = {isa = PBXBuildFile; fileRef = 6A5D43C71E7ADD8C003C8AFA /* JoystickInput.swift */; };
		6A638EFD1E87A6710000EB16 /* LevelDesignerScene.swift in Sources */ = {isa = PBXBuildFile; fileRef = 6A638EFC1E87A6710000EB16 /* LevelDesignerScene.swift */; };
		6A638EFF1E87A8530000EB16 /* GameLevel.swift in Sources */ = {isa = PBXBuildFile; fileRef = 6A638EFE1E87A8530000EB16 /* GameLevel.swift */; };
		6A638F011E87C4E50000EB16 /* Assets.xcassets in Resources */ = {isa = PBXBuildFile; fileRef = 6A638F001E87C4E50000EB16 /* Assets.xcassets */; };
		E1A4FE391E83FE2F0096D277 /* TextButton.swift in Sources */ = {isa = PBXBuildFile; fileRef = E1A4FE381E83FE2F0096D277 /* TextButton.swift */; };
		E1A4FE3B1E840FB30096D277 /* NavigationDelegate.swift in Sources */ = {isa = PBXBuildFile; fileRef = E1A4FE3A1E840FB30096D277 /* NavigationDelegate.swift */; };
		E1A4FE3D1E84684D0096D277 /* LevelSelectScene.swift in Sources */ = {isa = PBXBuildFile; fileRef = E1A4FE3C1E84684D0096D277 /* LevelSelectScene.swift */; };
		E1E205791E82F91F0018DD13 /* GameSetting.swift in Sources */ = {isa = PBXBuildFile; fileRef = E1E205781E82F91F0018DD13 /* GameSetting.swift */; };
		E1E2057C1E82F9980018DD13 /* FIleUtils.swift in Sources */ = {isa = PBXBuildFile; fileRef = E1E2057B1E82F9980018DD13 /* FIleUtils.swift */; };
		E1E2057F1E82FF710018DD13 /* IconButton.swift in Sources */ = {isa = PBXBuildFile; fileRef = E1E2057E1E82FF710018DD13 /* IconButton.swift */; };
		E1E205821E830C5C0018DD13 /* GameSettingScene.swift in Sources */ = {isa = PBXBuildFile; fileRef = E1E205811E830C5C0018DD13 /* GameSettingScene.swift */; };
/* End PBXBuildFile section */

/* Begin PBXFileReference section */
		0C0732E41E8C018C00E5BE3D /* GameScene.swift */ = {isa = PBXFileReference; fileEncoding = 4; lastKnownFileType = sourcecode.swift; path = GameScene.swift; sourceTree = "<group>"; };
		0C082C7C1E895BE800DF97BE /* PlayerController.swift */ = {isa = PBXFileReference; fileEncoding = 4; lastKnownFileType = sourcecode.swift; path = PlayerController.swift; sourceTree = "<group>"; };
		0CA20E3C1E86A8AC00F07F14 /* MapObject.swift */ = {isa = PBXFileReference; fileEncoding = 4; lastKnownFileType = sourcecode.swift; path = MapObject.swift; sourceTree = "<group>"; };
		0CB3FD4D1E8AE8A000FF4FB3 /* GameLogic.swift */ = {isa = PBXFileReference; fileEncoding = 4; lastKnownFileType = sourcecode.swift; path = GameLogic.swift; sourceTree = "<group>"; };
		0CB3FD511E8AECE100FF4FB3 /* SinglePlayerGameLogic.swift */ = {isa = PBXFileReference; fileEncoding = 4; lastKnownFileType = sourcecode.swift; path = SinglePlayerGameLogic.swift; sourceTree = "<group>"; };
		0CB3FD531E8BBF3800FF4FB3 /* MultiPlayerGameLogic.swift */ = {isa = PBXFileReference; fileEncoding = 4; lastKnownFileType = sourcecode.swift; path = MultiPlayerGameLogic.swift; sourceTree = "<group>"; };
		0CB3FD581E8BEE3600FF4FB3 /* ViewParams.swift */ = {isa = PBXFileReference; fileEncoding = 4; lastKnownFileType = sourcecode.swift; path = ViewParams.swift; sourceTree = "<group>"; };
		0CC56B311E83B3D1003A39F7 /* MultiplayerGameScene.swift */ = {isa = PBXFileReference; fileEncoding = 4; lastKnownFileType = sourcecode.swift; path = MultiplayerGameScene.swift; sourceTree = "<group>"; };
		0CCDB5FB1E75254300DEF8CC /* ParticleBlaster.app */ = {isa = PBXFileReference; explicitFileType = wrapper.application; includeInIndex = 0; path = ParticleBlaster.app; sourceTree = BUILT_PRODUCTS_DIR; };
		0CCDB5FE1E75254300DEF8CC /* AppDelegate.swift */ = {isa = PBXFileReference; lastKnownFileType = sourcecode.swift; path = AppDelegate.swift; sourceTree = "<group>"; };
		0CCDB6041E75254300DEF8CC /* SinglePlayerGameScene.swift */ = {isa = PBXFileReference; lastKnownFileType = sourcecode.swift; path = SinglePlayerGameScene.swift; sourceTree = "<group>"; };
		0CCDB6061E75254300DEF8CC /* GameViewController.swift */ = {isa = PBXFileReference; lastKnownFileType = sourcecode.swift; path = GameViewController.swift; sourceTree = "<group>"; };
		0CCDB6091E75254300DEF8CC /* Base */ = {isa = PBXFileReference; lastKnownFileType = file.storyboard; name = Base; path = Base.lproj/Main.storyboard; sourceTree = "<group>"; };
		0CCDB60E1E75254300DEF8CC /* Base */ = {isa = PBXFileReference; lastKnownFileType = file.storyboard; name = Base; path = Base.lproj/LaunchScreen.storyboard; sourceTree = "<group>"; };
		0CCDB6101E75254300DEF8CC /* Info.plist */ = {isa = PBXFileReference; lastKnownFileType = text.plist.xml; path = Info.plist; sourceTree = "<group>"; };
		0CCDB6171E752B5A00DEF8CC /* background-music-aac.caf */ = {isa = PBXFileReference; lastKnownFileType = file; path = "background-music-aac.caf"; sourceTree = "<group>"; };
		0CCDB6181E752B5A00DEF8CC /* pew-pew-lei.caf */ = {isa = PBXFileReference; lastKnownFileType = file; path = "pew-pew-lei.caf"; sourceTree = "<group>"; };
		0CCDB61B1E752D2700DEF8CC /* Constants.swift */ = {isa = PBXFileReference; fileEncoding = 4; lastKnownFileType = sourcecode.swift; path = Constants.swift; sourceTree = "<group>"; };
		0CCDB6221E752F8700DEF8CC /* IsoscelesTriangle.swift */ = {isa = PBXFileReference; fileEncoding = 4; lastKnownFileType = sourcecode.swift; path = IsoscelesTriangle.swift; sourceTree = "<group>"; };
		0CCDB6241E754C2200DEF8CC /* CGPointExtension.swift */ = {isa = PBXFileReference; fileEncoding = 4; lastKnownFileType = sourcecode.swift; path = CGPointExtension.swift; sourceTree = "<group>"; };
		0CCDB6261E757C7E00DEF8CC /* PhysicsCategory.swift */ = {isa = PBXFileReference; fileEncoding = 4; lastKnownFileType = sourcecode.swift; path = PhysicsCategory.swift; sourceTree = "<group>"; };
		0CCDB6281E758E0700DEF8CC /* GameOverScene.swift */ = {isa = PBXFileReference; fileEncoding = 4; lastKnownFileType = sourcecode.swift; path = GameOverScene.swift; sourceTree = "<group>"; };
		0E02E5CE1E8140EE00E7AB51 /* Player.swift */ = {isa = PBXFileReference; fileEncoding = 4; lastKnownFileType = sourcecode.swift; path = Player.swift; sourceTree = "<group>"; };
		0E02E5D01E81615700E7AB51 /* Joystick.swift */ = {isa = PBXFileReference; fileEncoding = 4; lastKnownFileType = sourcecode.swift; path = Joystick.swift; sourceTree = "<group>"; };
		0E02E5D21E81616400E7AB51 /* JoystickPlate.swift */ = {isa = PBXFileReference; fileEncoding = 4; lastKnownFileType = sourcecode.swift; path = JoystickPlate.swift; sourceTree = "<group>"; };
		0EB2CD521E82A3C400237FA9 /* Obstacle.swift */ = {isa = PBXFileReference; fileEncoding = 4; lastKnownFileType = sourcecode.swift; path = Obstacle.swift; sourceTree = "<group>"; };
		0EB2CD541E82B27D00237FA9 /* CGVectorExtensions.swift */ = {isa = PBXFileReference; fileEncoding = 4; lastKnownFileType = sourcecode.swift; path = CGVectorExtensions.swift; sourceTree = "<group>"; };
		0EB2CD561E82CD5E00237FA9 /* FireButton.swift */ = {isa = PBXFileReference; fileEncoding = 4; lastKnownFileType = sourcecode.swift; path = FireButton.swift; sourceTree = "<group>"; };
		0EB2CD581E82D8BE00237FA9 /* Bullet.swift */ = {isa = PBXFileReference; fileEncoding = 4; lastKnownFileType = sourcecode.swift; path = Bullet.swift; sourceTree = "<group>"; };
		6A0318561E76FF6C000FAE05 /* StarTrekFont.ttf */ = {isa = PBXFileReference; lastKnownFileType = file; path = StarTrekFont.ttf; sourceTree = "<group>"; };
		6A0318591E76FFF5000FAE05 /* HomePageScene.swift */ = {isa = PBXFileReference; fileEncoding = 4; lastKnownFileType = sourcecode.swift; path = HomePageScene.swift; sourceTree = "<group>"; };
		6A2AC2661E87744100BE3A41 /* LevelDesignerViewController.swift */ = {isa = PBXFileReference; fileEncoding = 4; lastKnownFileType = sourcecode.swift; path = LevelDesignerViewController.swift; sourceTree = "<group>"; };
		6A2AC2681E87745F00BE3A41 /* HomePageViewController.swift */ = {isa = PBXFileReference; fileEncoding = 4; lastKnownFileType = sourcecode.swift; path = HomePageViewController.swift; sourceTree = "<group>"; };
		6A5D43C51E7ACD8A003C8AFA /* GameObject.swift */ = {isa = PBXFileReference; fileEncoding = 4; lastKnownFileType = sourcecode.swift; path = GameObject.swift; sourceTree = "<group>"; };
		6A5D43C71E7ADD8C003C8AFA /* JoystickInput.swift */ = {isa = PBXFileReference; fileEncoding = 4; lastKnownFileType = sourcecode.swift; path = JoystickInput.swift; sourceTree = "<group>"; };
		6A638EFC1E87A6710000EB16 /* LevelDesignerScene.swift */ = {isa = PBXFileReference; fileEncoding = 4; lastKnownFileType = sourcecode.swift; path = LevelDesignerScene.swift; sourceTree = "<group>"; };
		6A638EFE1E87A8530000EB16 /* GameLevel.swift */ = {isa = PBXFileReference; fileEncoding = 4; lastKnownFileType = sourcecode.swift; path = GameLevel.swift; sourceTree = "<group>"; };
		6A638F001E87C4E50000EB16 /* Assets.xcassets */ = {isa = PBXFileReference; lastKnownFileType = folder.assetcatalog; path = Assets.xcassets; sourceTree = "<group>"; };
		E1A4FE381E83FE2F0096D277 /* TextButton.swift */ = {isa = PBXFileReference; fileEncoding = 4; lastKnownFileType = sourcecode.swift; path = TextButton.swift; sourceTree = "<group>"; };
		E1A4FE3A1E840FB30096D277 /* NavigationDelegate.swift */ = {isa = PBXFileReference; fileEncoding = 4; lastKnownFileType = sourcecode.swift; path = NavigationDelegate.swift; sourceTree = "<group>"; };
		E1A4FE3C1E84684D0096D277 /* LevelSelectScene.swift */ = {isa = PBXFileReference; fileEncoding = 4; lastKnownFileType = sourcecode.swift; path = LevelSelectScene.swift; sourceTree = "<group>"; };
		E1E205781E82F91F0018DD13 /* GameSetting.swift */ = {isa = PBXFileReference; fileEncoding = 4; lastKnownFileType = sourcecode.swift; path = GameSetting.swift; sourceTree = "<group>"; };
		E1E2057B1E82F9980018DD13 /* FIleUtils.swift */ = {isa = PBXFileReference; fileEncoding = 4; lastKnownFileType = sourcecode.swift; path = FIleUtils.swift; sourceTree = "<group>"; };
		E1E2057E1E82FF710018DD13 /* IconButton.swift */ = {isa = PBXFileReference; fileEncoding = 4; lastKnownFileType = sourcecode.swift; path = IconButton.swift; sourceTree = "<group>"; };
		E1E205811E830C5C0018DD13 /* GameSettingScene.swift */ = {isa = PBXFileReference; fileEncoding = 4; lastKnownFileType = sourcecode.swift; path = GameSettingScene.swift; sourceTree = "<group>"; };
/* End PBXFileReference section */

/* Begin PBXFrameworksBuildPhase section */
		0CCDB5F81E75254300DEF8CC /* Frameworks */ = {
			isa = PBXFrameworksBuildPhase;
			buildActionMask = 2147483647;
			files = (
			);
			runOnlyForDeploymentPostprocessing = 0;
		};
/* End PBXFrameworksBuildPhase section */

/* Begin PBXGroup section */
		0CB3FD571E8BC1B700FF4FB3 /* GamePlay */ = {
			isa = PBXGroup;
			children = (
				0CB3FD581E8BEE3600FF4FB3 /* ViewParams.swift */,
				0CCDB6061E75254300DEF8CC /* GameViewController.swift */,
				0CB3FD4D1E8AE8A000FF4FB3 /* GameLogic.swift */,
				0CB3FD511E8AECE100FF4FB3 /* SinglePlayerGameLogic.swift */,
				0CB3FD531E8BBF3800FF4FB3 /* MultiPlayerGameLogic.swift */,
				0C0732E41E8C018C00E5BE3D /* GameScene.swift */,
				0CCDB6041E75254300DEF8CC /* SinglePlayerGameScene.swift */,
				0CC56B311E83B3D1003A39F7 /* MultiplayerGameScene.swift */,
			);
			name = GamePlay;
			sourceTree = "<group>";
		};
		0CC56B301E8374A8003A39F7 /* GameObjects */ = {
			isa = PBXGroup;
			children = (
				0CA20E3C1E86A8AC00F07F14 /* MapObject.swift */,
				6A5D43C51E7ACD8A003C8AFA /* GameObject.swift */,
				6A638EFE1E87A8530000EB16 /* GameLevel.swift */,
				0EB2CD581E82D8BE00237FA9 /* Bullet.swift */,
				0EB2CD521E82A3C400237FA9 /* Obstacle.swift */,
				0E02E5CE1E8140EE00E7AB51 /* Player.swift */,
				0EB2CD561E82CD5E00237FA9 /* FireButton.swift */,
				0E02E5D01E81615700E7AB51 /* Joystick.swift */,
				0E02E5D21E81616400E7AB51 /* JoystickPlate.swift */,
				6A5D43C71E7ADD8C003C8AFA /* JoystickInput.swift */,
				0CCDB6221E752F8700DEF8CC /* IsoscelesTriangle.swift */,
			);
			name = GameObjects;
			sourceTree = "<group>";
		};
		0CCDB5F21E75254300DEF8CC = {
			isa = PBXGroup;
			children = (
				0CCDB5FD1E75254300DEF8CC /* ParticleBlaster */,
				0CCDB5FC1E75254300DEF8CC /* Products */,
			);
			sourceTree = "<group>";
		};
		0CCDB5FC1E75254300DEF8CC /* Products */ = {
			isa = PBXGroup;
			children = (
				0CCDB5FB1E75254300DEF8CC /* ParticleBlaster.app */,
			);
			name = Products;
			sourceTree = "<group>";
		};
		0CCDB5FD1E75254300DEF8CC /* ParticleBlaster */ = {
			isa = PBXGroup;
			children = (
				0CB3FD571E8BC1B700FF4FB3 /* GamePlay */,
				0CC56B301E8374A8003A39F7 /* GameObjects */,
				0CCDB6161E752B5A00DEF8CC /* Sounds */,
				6A0318571E76FF7E000FAE05 /* Fonts */,
				E1E205771E82F8E00018DD13 /* Models */,
				E1E205801E830C420018DD13 /* Scenes */,
				E1E2057D1E82FF1B0018DD13 /* Widgets */,
				E1E2057A1E82F9590018DD13 /* Utils */,
				0CCDB5FE1E75254300DEF8CC /* AppDelegate.swift */,
				6A638F001E87C4E50000EB16 /* Assets.xcassets */,
				0EB2CD541E82B27D00237FA9 /* CGVectorExtensions.swift */,
				6A0318591E76FFF5000FAE05 /* HomePageScene.swift */,
				E1A4FE3A1E840FB30096D277 /* NavigationDelegate.swift */,
				0CCDB6241E754C2200DEF8CC /* CGPointExtension.swift */,
				0CCDB6281E758E0700DEF8CC /* GameOverScene.swift */,
				0C082C7C1E895BE800DF97BE /* PlayerController.swift */,
				6A2AC2681E87745F00BE3A41 /* HomePageViewController.swift */,
				6A2AC2661E87744100BE3A41 /* LevelDesignerViewController.swift */,
				6A638EFC1E87A6710000EB16 /* LevelDesignerScene.swift */,
				0CCDB6101E75254300DEF8CC /* Info.plist */,
				0CCDB60D1E75254300DEF8CC /* LaunchScreen.storyboard */,
				0CCDB6081E75254300DEF8CC /* Main.storyboard */,
				0CCDB6261E757C7E00DEF8CC /* PhysicsCategory.swift */,
				0CCDB61B1E752D2700DEF8CC /* Constants.swift */,
			);
			path = ParticleBlaster;
			sourceTree = "<group>";
		};
		0CCDB6161E752B5A00DEF8CC /* Sounds */ = {
			isa = PBXGroup;
			children = (
				0CCDB6171E752B5A00DEF8CC /* background-music-aac.caf */,
				0CCDB6181E752B5A00DEF8CC /* pew-pew-lei.caf */,
			);
			path = Sounds;
			sourceTree = "<group>";
		};
		6A0318571E76FF7E000FAE05 /* Fonts */ = {
			isa = PBXGroup;
			children = (
				6A0318561E76FF6C000FAE05 /* StarTrekFont.ttf */,
			);
			name = Fonts;
			sourceTree = "<group>";
		};
		E1E205771E82F8E00018DD13 /* Models */ = {
			isa = PBXGroup;
			children = (
				E1E205781E82F91F0018DD13 /* GameSetting.swift */,
			);
			name = Models;
			sourceTree = "<group>";
		};
		E1E2057A1E82F9590018DD13 /* Utils */ = {
			isa = PBXGroup;
			children = (
				E1E2057B1E82F9980018DD13 /* FIleUtils.swift */,
			);
			name = Utils;
			sourceTree = "<group>";
		};
		E1E2057D1E82FF1B0018DD13 /* Widgets */ = {
			isa = PBXGroup;
			children = (
				E1E2057E1E82FF710018DD13 /* IconButton.swift */,
				E1A4FE381E83FE2F0096D277 /* TextButton.swift */,
			);
			name = Widgets;
			sourceTree = "<group>";
		};
		E1E205801E830C420018DD13 /* Scenes */ = {
			isa = PBXGroup;
			children = (
				E1E205811E830C5C0018DD13 /* GameSettingScene.swift */,
				E1A4FE3C1E84684D0096D277 /* LevelSelectScene.swift */,
			);
			name = Scenes;
			sourceTree = "<group>";
		};
/* End PBXGroup section */

/* Begin PBXNativeTarget section */
		0CCDB5FA1E75254300DEF8CC /* ParticleBlaster */ = {
			isa = PBXNativeTarget;
			buildConfigurationList = 0CCDB6131E75254300DEF8CC /* Build configuration list for PBXNativeTarget "ParticleBlaster" */;
			buildPhases = (
				0CCDB5F71E75254300DEF8CC /* Sources */,
				0CCDB5F81E75254300DEF8CC /* Frameworks */,
				0CCDB5F91E75254300DEF8CC /* Resources */,
			);
			buildRules = (
			);
			dependencies = (
			);
			name = ParticleBlaster;
			productName = ParticleBlaster;
			productReference = 0CCDB5FB1E75254300DEF8CC /* ParticleBlaster.app */;
			productType = "com.apple.product-type.application";
		};
/* End PBXNativeTarget section */

/* Begin PBXProject section */
		0CCDB5F31E75254300DEF8CC /* Project object */ = {
			isa = PBXProject;
			attributes = {
				LastSwiftUpdateCheck = 0820;
				LastUpgradeCheck = 0820;
				ORGANIZATIONNAME = ParticleBlaster;
				TargetAttributes = {
					0CCDB5FA1E75254300DEF8CC = {
						CreatedOnToolsVersion = 8.2.1;
						DevelopmentTeam = MRZ7YD72EV;
						ProvisioningStyle = Automatic;
					};
				};
			};
			buildConfigurationList = 0CCDB5F61E75254300DEF8CC /* Build configuration list for PBXProject "ParticleBlaster" */;
			compatibilityVersion = "Xcode 3.2";
			developmentRegion = English;
			hasScannedForEncodings = 0;
			knownRegions = (
				en,
				Base,
			);
			mainGroup = 0CCDB5F21E75254300DEF8CC;
			productRefGroup = 0CCDB5FC1E75254300DEF8CC /* Products */;
			projectDirPath = "";
			projectRoot = "";
			targets = (
				0CCDB5FA1E75254300DEF8CC /* ParticleBlaster */,
			);
		};
/* End PBXProject section */

/* Begin PBXResourcesBuildPhase section */
		0CCDB5F91E75254300DEF8CC /* Resources */ = {
			isa = PBXResourcesBuildPhase;
			buildActionMask = 2147483647;
			files = (
				6A0318581E76FFE0000FAE05 /* StarTrekFont.ttf in Resources */,
				0CCDB61A1E752B5A00DEF8CC /* pew-pew-lei.caf in Resources */,
				0CCDB60A1E75254300DEF8CC /* Main.storyboard in Resources */,
				0CCDB6191E752B5A00DEF8CC /* background-music-aac.caf in Resources */,
				6A638F011E87C4E50000EB16 /* Assets.xcassets in Resources */,
				0CCDB60F1E75254300DEF8CC /* LaunchScreen.storyboard in Resources */,
			);
			runOnlyForDeploymentPostprocessing = 0;
		};
/* End PBXResourcesBuildPhase section */

/* Begin PBXSourcesBuildPhase section */
		0CCDB5F71E75254300DEF8CC /* Sources */ = {
			isa = PBXSourcesBuildPhase;
			buildActionMask = 2147483647;
			files = (
				0EB2CD551E82B27D00237FA9 /* CGVectorExtensions.swift in Sources */,
				0CCDB6231E752F8700DEF8CC /* IsoscelesTriangle.swift in Sources */,
				6A5D43C81E7ADD8C003C8AFA /* JoystickInput.swift in Sources */,
				0EB2CD531E82A3C400237FA9 /* Obstacle.swift in Sources */,
				E1E2057F1E82FF710018DD13 /* IconButton.swift in Sources */,
				E1E205791E82F91F0018DD13 /* GameSetting.swift in Sources */,
				0CCDB6051E75254300DEF8CC /* SinglePlayerGameScene.swift in Sources */,
				0CB3FD521E8AECE100FF4FB3 /* SinglePlayerGameLogic.swift in Sources */,
				0CC56B321E83B3D1003A39F7 /* MultiplayerGameScene.swift in Sources */,
				0CCDB6291E758E0700DEF8CC /* GameOverScene.swift in Sources */,
				0E02E5D31E81616400E7AB51 /* JoystickPlate.swift in Sources */,
				0E02E5CF1E8140EE00E7AB51 /* Player.swift in Sources */,
				6A2AC26A1E87745F00BE3A41 /* HomePageViewController.swift in Sources */,
				0CB3FD4E1E8AE8A000FF4FB3 /* GameLogic.swift in Sources */,
				0CCDB6251E754C2200DEF8CC /* CGPointExtension.swift in Sources */,
				6A638EFF1E87A8530000EB16 /* GameLevel.swift in Sources */,
				6A5D43C61E7ACD8A003C8AFA /* GameObject.swift in Sources */,
				0C082C7D1E895BE800DF97BE /* PlayerController.swift in Sources */,
				0CA20E3D1E86A8AC00F07F14 /* MapObject.swift in Sources */,
				0CCDB6071E75254300DEF8CC /* GameViewController.swift in Sources */,
				6A638EFD1E87A6710000EB16 /* LevelDesignerScene.swift in Sources */,
				0CCDB5FF1E75254300DEF8CC /* AppDelegate.swift in Sources */,
				0CB3FD591E8BEE3600FF4FB3 /* ViewParams.swift in Sources */,
				0CB3FD541E8BBF3800FF4FB3 /* MultiPlayerGameLogic.swift in Sources */,
				E1E205821E830C5C0018DD13 /* GameSettingScene.swift in Sources */,
				0C0732E51E8C018C00E5BE3D /* GameScene.swift in Sources */,
				E1E2057C1E82F9980018DD13 /* FIleUtils.swift in Sources */,
				E1A4FE391E83FE2F0096D277 /* TextButton.swift in Sources */,
				E1A4FE3B1E840FB30096D277 /* NavigationDelegate.swift in Sources */,
				6A03185A1E76FFF5000FAE05 /* HomePageScene.swift in Sources */,
				0CCDB61C1E752D2700DEF8CC /* Constants.swift in Sources */,
				0E02E5D11E81615700E7AB51 /* Joystick.swift in Sources */,
				0EB2CD571E82CD5E00237FA9 /* FireButton.swift in Sources */,
				6A2AC2671E87744100BE3A41 /* LevelDesignerViewController.swift in Sources */,
				0CCDB6271E757C7E00DEF8CC /* PhysicsCategory.swift in Sources */,
				0EB2CD591E82D8BE00237FA9 /* Bullet.swift in Sources */,
				E1A4FE3D1E84684D0096D277 /* LevelSelectScene.swift in Sources */,
			);
			runOnlyForDeploymentPostprocessing = 0;
		};
/* End PBXSourcesBuildPhase section */

/* Begin PBXVariantGroup section */
		0CCDB6081E75254300DEF8CC /* Main.storyboard */ = {
			isa = PBXVariantGroup;
			children = (
				0CCDB6091E75254300DEF8CC /* Base */,
			);
			name = Main.storyboard;
			sourceTree = "<group>";
		};
		0CCDB60D1E75254300DEF8CC /* LaunchScreen.storyboard */ = {
			isa = PBXVariantGroup;
			children = (
				0CCDB60E1E75254300DEF8CC /* Base */,
			);
			name = LaunchScreen.storyboard;
			sourceTree = "<group>";
		};
/* End PBXVariantGroup section */

/* Begin XCBuildConfiguration section */
		0CCDB6111E75254300DEF8CC /* Debug */ = {
			isa = XCBuildConfiguration;
			buildSettings = {
				ALWAYS_SEARCH_USER_PATHS = NO;
				CLANG_ANALYZER_NONNULL = YES;
				CLANG_CXX_LANGUAGE_STANDARD = "gnu++0x";
				CLANG_CXX_LIBRARY = "libc++";
				CLANG_ENABLE_MODULES = YES;
				CLANG_ENABLE_OBJC_ARC = YES;
				CLANG_WARN_BOOL_CONVERSION = YES;
				CLANG_WARN_CONSTANT_CONVERSION = YES;
				CLANG_WARN_DIRECT_OBJC_ISA_USAGE = YES_ERROR;
				CLANG_WARN_DOCUMENTATION_COMMENTS = YES;
				CLANG_WARN_EMPTY_BODY = YES;
				CLANG_WARN_ENUM_CONVERSION = YES;
				CLANG_WARN_INFINITE_RECURSION = YES;
				CLANG_WARN_INT_CONVERSION = YES;
				CLANG_WARN_OBJC_ROOT_CLASS = YES_ERROR;
				CLANG_WARN_SUSPICIOUS_MOVE = YES;
				CLANG_WARN_UNREACHABLE_CODE = YES;
				CLANG_WARN__DUPLICATE_METHOD_MATCH = YES;
				"CODE_SIGN_IDENTITY[sdk=iphoneos*]" = "iPhone Developer";
				COPY_PHASE_STRIP = NO;
				DEBUG_INFORMATION_FORMAT = dwarf;
				ENABLE_STRICT_OBJC_MSGSEND = YES;
				ENABLE_TESTABILITY = YES;
				GCC_C_LANGUAGE_STANDARD = gnu99;
				GCC_DYNAMIC_NO_PIC = NO;
				GCC_NO_COMMON_BLOCKS = YES;
				GCC_OPTIMIZATION_LEVEL = 0;
				GCC_PREPROCESSOR_DEFINITIONS = (
					"DEBUG=1",
					"$(inherited)",
				);
				GCC_WARN_64_TO_32_BIT_CONVERSION = YES;
				GCC_WARN_ABOUT_RETURN_TYPE = YES_ERROR;
				GCC_WARN_UNDECLARED_SELECTOR = YES;
				GCC_WARN_UNINITIALIZED_AUTOS = YES_AGGRESSIVE;
				GCC_WARN_UNUSED_FUNCTION = YES;
				GCC_WARN_UNUSED_VARIABLE = YES;
				IPHONEOS_DEPLOYMENT_TARGET = 10.2;
				MTL_ENABLE_DEBUG_INFO = YES;
				ONLY_ACTIVE_ARCH = YES;
				SDKROOT = iphoneos;
				SWIFT_ACTIVE_COMPILATION_CONDITIONS = DEBUG;
				SWIFT_OPTIMIZATION_LEVEL = "-Onone";
				TARGETED_DEVICE_FAMILY = 2;
			};
			name = Debug;
		};
		0CCDB6121E75254300DEF8CC /* Release */ = {
			isa = XCBuildConfiguration;
			buildSettings = {
				ALWAYS_SEARCH_USER_PATHS = NO;
				CLANG_ANALYZER_NONNULL = YES;
				CLANG_CXX_LANGUAGE_STANDARD = "gnu++0x";
				CLANG_CXX_LIBRARY = "libc++";
				CLANG_ENABLE_MODULES = YES;
				CLANG_ENABLE_OBJC_ARC = YES;
				CLANG_WARN_BOOL_CONVERSION = YES;
				CLANG_WARN_CONSTANT_CONVERSION = YES;
				CLANG_WARN_DIRECT_OBJC_ISA_USAGE = YES_ERROR;
				CLANG_WARN_DOCUMENTATION_COMMENTS = YES;
				CLANG_WARN_EMPTY_BODY = YES;
				CLANG_WARN_ENUM_CONVERSION = YES;
				CLANG_WARN_INFINITE_RECURSION = YES;
				CLANG_WARN_INT_CONVERSION = YES;
				CLANG_WARN_OBJC_ROOT_CLASS = YES_ERROR;
				CLANG_WARN_SUSPICIOUS_MOVE = YES;
				CLANG_WARN_UNREACHABLE_CODE = YES;
				CLANG_WARN__DUPLICATE_METHOD_MATCH = YES;
				"CODE_SIGN_IDENTITY[sdk=iphoneos*]" = "iPhone Developer";
				COPY_PHASE_STRIP = NO;
				DEBUG_INFORMATION_FORMAT = "dwarf-with-dsym";
				ENABLE_NS_ASSERTIONS = NO;
				ENABLE_STRICT_OBJC_MSGSEND = YES;
				GCC_C_LANGUAGE_STANDARD = gnu99;
				GCC_NO_COMMON_BLOCKS = YES;
				GCC_WARN_64_TO_32_BIT_CONVERSION = YES;
				GCC_WARN_ABOUT_RETURN_TYPE = YES_ERROR;
				GCC_WARN_UNDECLARED_SELECTOR = YES;
				GCC_WARN_UNINITIALIZED_AUTOS = YES_AGGRESSIVE;
				GCC_WARN_UNUSED_FUNCTION = YES;
				GCC_WARN_UNUSED_VARIABLE = YES;
				IPHONEOS_DEPLOYMENT_TARGET = 10.2;
				MTL_ENABLE_DEBUG_INFO = NO;
				SDKROOT = iphoneos;
				SWIFT_OPTIMIZATION_LEVEL = "-Owholemodule";
				TARGETED_DEVICE_FAMILY = 2;
				VALIDATE_PRODUCT = YES;
			};
			name = Release;
		};
		0CCDB6141E75254300DEF8CC /* Debug */ = {
			isa = XCBuildConfiguration;
			buildSettings = {
				ASSETCATALOG_COMPILER_APPICON_NAME = AppIcon;
				DEVELOPMENT_TEAM = MRZ7YD72EV;
				INFOPLIST_FILE = ParticleBlaster/Info.plist;
				LD_RUNPATH_SEARCH_PATHS = "$(inherited) @executable_path/Frameworks";
				PRODUCT_BUNDLE_IDENTIFIER = ParticleBlaster.ParticleBlaster;
				PRODUCT_NAME = "$(TARGET_NAME)";
				SWIFT_VERSION = 3.0;
				TARGETED_DEVICE_FAMILY = "1,2";
			};
			name = Debug;
		};
		0CCDB6151E75254300DEF8CC /* Release */ = {
			isa = XCBuildConfiguration;
			buildSettings = {
				ASSETCATALOG_COMPILER_APPICON_NAME = AppIcon;
				DEVELOPMENT_TEAM = MRZ7YD72EV;
				INFOPLIST_FILE = ParticleBlaster/Info.plist;
				LD_RUNPATH_SEARCH_PATHS = "$(inherited) @executable_path/Frameworks";
				PRODUCT_BUNDLE_IDENTIFIER = ParticleBlaster.ParticleBlaster;
				PRODUCT_NAME = "$(TARGET_NAME)";
				SWIFT_VERSION = 3.0;
				TARGETED_DEVICE_FAMILY = "1,2";
			};
			name = Release;
		};
/* End XCBuildConfiguration section */

/* Begin XCConfigurationList section */
		0CCDB5F61E75254300DEF8CC /* Build configuration list for PBXProject "ParticleBlaster" */ = {
			isa = XCConfigurationList;
			buildConfigurations = (
				0CCDB6111E75254300DEF8CC /* Debug */,
				0CCDB6121E75254300DEF8CC /* Release */,
			);
			defaultConfigurationIsVisible = 0;
			defaultConfigurationName = Release;
		};
		0CCDB6131E75254300DEF8CC /* Build configuration list for PBXNativeTarget "ParticleBlaster" */ = {
			isa = XCConfigurationList;
			buildConfigurations = (
				0CCDB6141E75254300DEF8CC /* Debug */,
				0CCDB6151E75254300DEF8CC /* Release */,
			);
			defaultConfigurationIsVisible = 0;
			defaultConfigurationName = Release;
		};
/* End XCConfigurationList section */
	};
	rootObject = 0CCDB5F31E75254300DEF8CC /* Project object */;
}
